
Microsoft Visual Studio Solution File, Format Version 12.00
Project("{2150E333-8FDC-42A3-9474-1A3956D46DE8}") = "src", "src", "{22C844A6-ACCE-4473-9C7B-D53D613DA802}"
EndProject
Project("{2150E333-8FDC-42A3-9474-1A3956D46DE8}") = "tests", "tests", "{66EB4E20-E8C9-43B5-9B51-B3BB962AEEF2}"
EndProject
Project("{2150E333-8FDC-42A3-9474-1A3956D46DE8}") = "Solution Items", "Solution Items", "{E1115509-DC42-44D8-A031-A207EF90073F}"
	ProjectSection(SolutionItems) = preProject
		.gitignore = .gitignore
		README.md = README.md
	EndProjectSection
EndProject
Project("{2150E333-8FDC-42A3-9474-1A3956D46DE8}") = "CI Workflows", "CI Workflows", "{7E05B1B4-5625-4A84-A2B2-4D66C8059904}"
	ProjectSection(SolutionItems) = preProject
		.github\workflows\dotnet.yml = .github\workflows\dotnet.yml
	EndProjectSection
EndProject
Project("{FAE04EC0-301F-11D3-BF4B-00C04F79EFBC}") = "LinkAce.NET", "src\LinkAce.NET\LinkAce.NET.csproj", "{6C83B6FB-E141-46BA-A446-8346BB11A7E3}"
EndProject
Project("{FAE04EC0-301F-11D3-BF4B-00C04F79EFBC}") = "TestClient", "src\TestClient\TestClient.csproj", "{97052387-BAA1-40E8-A861-C412B373FBDC}"
EndProject
Project("{FAE04EC0-301F-11D3-BF4B-00C04F79EFBC}") = "LinkAce.NET.Tests", "tests\LinkAce.NET.Tests\LinkAce.NET.Tests.csproj", "{671997C6-2DA3-45AB-87C2-4A335C976685}"
EndProject
Global
	GlobalSection(SolutionConfigurationPlatforms) = preSolution
		Debug|Any CPU = Debug|Any CPU
		Release|Any CPU = Release|Any CPU
	EndGlobalSection
	GlobalSection(ProjectConfigurationPlatforms) = postSolution
		{6C83B6FB-E141-46BA-A446-8346BB11A7E3}.Debug|Any CPU.ActiveCfg = Debug|Any CPU
		{6C83B6FB-E141-46BA-A446-8346BB11A7E3}.Debug|Any CPU.Build.0 = Debug|Any CPU
		{6C83B6FB-E141-46BA-A446-8346BB11A7E3}.Release|Any CPU.ActiveCfg = Release|Any CPU
		{6C83B6FB-E141-46BA-A446-8346BB11A7E3}.Release|Any CPU.Build.0 = Release|Any CPU
		{97052387-BAA1-40E8-A861-C412B373FBDC}.Debug|Any CPU.ActiveCfg = Debug|Any CPU
		{97052387-BAA1-40E8-A861-C412B373FBDC}.Debug|Any CPU.Build.0 = Debug|Any CPU
		{97052387-BAA1-40E8-A861-C412B373FBDC}.Release|Any CPU.ActiveCfg = Release|Any CPU
		{97052387-BAA1-40E8-A861-C412B373FBDC}.Release|Any CPU.Build.0 = Release|Any CPU
		{671997C6-2DA3-45AB-87C2-4A335C976685}.Debug|Any CPU.ActiveCfg = Debug|Any CPU
		{671997C6-2DA3-45AB-87C2-4A335C976685}.Debug|Any CPU.Build.0 = Debug|Any CPU
		{671997C6-2DA3-45AB-87C2-4A335C976685}.Release|Any CPU.ActiveCfg = Release|Any CPU
		{671997C6-2DA3-45AB-87C2-4A335C976685}.Release|Any CPU.Build.0 = Release|Any CPU
	EndGlobalSection
	GlobalSection(NestedProjects) = preSolution
		{7E05B1B4-5625-4A84-A2B2-4D66C8059904} = {E1115509-DC42-44D8-A031-A207EF90073F}
		{6C83B6FB-E141-46BA-A446-8346BB11A7E3} = {22C844A6-ACCE-4473-9C7B-D53D613DA802}
		{97052387-BAA1-40E8-A861-C412B373FBDC} = {22C844A6-ACCE-4473-9C7B-D53D613DA802}
		{671997C6-2DA3-45AB-87C2-4A335C976685} = {66EB4E20-E8C9-43B5-9B51-B3BB962AEEF2}
	EndGlobalSection
EndGlobal
